
Microsoft Visual Studio Solution File, Format Version 12.00
# Visual Studio Version 16
VisualStudioVersion = 16.0.31729.503
MinimumVisualStudioVersion = 10.0.40219.1
Project("{FAE04EC0-301F-11D3-BF4B-00C04F79EFBC}") = "0811hmw", "0811hmw\0811hmw.csproj", "{73DD2370-FD39-4137-A76C-D2BDA897A150}"
EndProject
Global
	GlobalSection(SolutionConfigurationPlatforms) = preSolution
		Debug|Any CPU = Debug|Any CPU
		Release|Any CPU = Release|Any CPU
	EndGlobalSection
	GlobalSection(ProjectConfigurationPlatforms) = postSolution
		{73DD2370-FD39-4137-A76C-D2BDA897A150}.Debug|Any CPU.ActiveCfg = Debug|Any CPU
		{73DD2370-FD39-4137-A76C-D2BDA897A150}.Debug|Any CPU.Build.0 = Debug|Any CPU
		{73DD2370-FD39-4137-A76C-D2BDA897A150}.Release|Any CPU.ActiveCfg = Release|Any CPU
		{73DD2370-FD39-4137-A76C-D2BDA897A150}.Release|Any CPU.Build.0 = Release|Any CPU
	EndGlobalSection
	GlobalSection(SolutionProperties) = preSolution
		HideSolutionNode = FALSE
	EndGlobalSection
	GlobalSection(ExtensibilityGlobals) = postSolution
		SolutionGuid = {243CD44E-A7AD-4DFC-A070-8EE426CD1607}
	EndGlobalSection
EndGlobal
